
Microsoft Visual Studio Solution File, Format Version 12.00
# Visual Studio Version 17
VisualStudioVersion = 17.4.33205.214
MinimumVisualStudioVersion = 10.0.40219.1
Project("{8BC9CEB8-8B4A-11D0-8D11-00A0C91BC942}") = "ToStr", "ToStr.vcxproj", "{CA484A64-B41D-48A5-857C-E060D8E35F40}"
EndProject
Project("{8BC9CEB8-8B4A-11D0-8D11-00A0C91BC942}") = "ToStr_Test", "ToStr_Test\ToStr_Test.vcxproj", "{A5FA2D18-335A-4307-800A-537AF47A9CEE}"
EndProject
Global
	GlobalSection(SolutionConfigurationPlatforms) = preSolution
		Debug|x64 = Debug|x64
		Debug|x86 = Debug|x86
		Release|x64 = Release|x64
		Release|x86 = Release|x86
	EndGlobalSection
	GlobalSection(ProjectConfigurationPlatforms) = postSolution
		{CA484A64-B41D-48A5-857C-E060D8E35F40}.Debug|x64.ActiveCfg = Debug|x64
		{CA484A64-B41D-48A5-857C-E060D8E35F40}.Debug|x64.Build.0 = Debug|x64
		{CA484A64-B41D-48A5-857C-E060D8E35F40}.Debug|x86.ActiveCfg = Debug|Win32
		{CA484A64-B41D-48A5-857C-E060D8E35F40}.Debug|x86.Build.0 = Debug|Win32
		{CA484A64-B41D-48A5-857C-E060D8E35F40}.Release|x64.ActiveCfg = Release|x64
		{CA484A64-B41D-48A5-857C-E060D8E35F40}.Release|x64.Build.0 = Release|x64
		{CA484A64-B41D-48A5-857C-E060D8E35F40}.Release|x86.ActiveCfg = Release|Win32
		{CA484A64-B41D-48A5-857C-E060D8E35F40}.Release|x86.Build.0 = Release|Win32
		{A5FA2D18-335A-4307-800A-537AF47A9CEE}.Debug|x64.ActiveCfg = Debug|x64
		{A5FA2D18-335A-4307-800A-537AF47A9CEE}.Debug|x64.Build.0 = Debug|x64
		{A5FA2D18-335A-4307-800A-537AF47A9CEE}.Debug|x86.ActiveCfg = Debug|Win32
		{A5FA2D18-335A-4307-800A-537AF47A9CEE}.Debug|x86.Build.0 = Debug|Win32
		{A5FA2D18-335A-4307-800A-537AF47A9CEE}.Release|x64.ActiveCfg = Release|x64
		{A5FA2D18-335A-4307-800A-537AF47A9CEE}.Release|x64.Build.0 = Release|x64
		{A5FA2D18-335A-4307-800A-537AF47A9CEE}.Release|x86.ActiveCfg = Release|Win32
		{A5FA2D18-335A-4307-800A-537AF47A9CEE}.Release|x86.Build.0 = Release|Win32
	EndGlobalSection
	GlobalSection(SolutionProperties) = preSolution
		HideSolutionNode = FALSE
	EndGlobalSection
	GlobalSection(ExtensibilityGlobals) = postSolution
		SolutionGuid = {30B7A19C-E566-4122-A31F-8C5A0363CBDD}
	EndGlobalSection
EndGlobal
